// !$*UTF8*$!
{
	archiveVersion = 1;
	classes = {
	};
	objectVersion = 50;
	objects = {

/* Begin PBXBuildFile section */
		39414CCB266E5E8500C96E2F /* AppDelegate.swift in Sources */ = {isa = PBXBuildFile; fileRef = 39414CCA266E5E8500C96E2F /* AppDelegate.swift */; };
		39414CCD266E5E8500C96E2F /* SceneDelegate.swift in Sources */ = {isa = PBXBuildFile; fileRef = 39414CCC266E5E8500C96E2F /* SceneDelegate.swift */; };
		39414CCF266E5E8500C96E2F /* ViewController.swift in Sources */ = {isa = PBXBuildFile; fileRef = 39414CCE266E5E8500C96E2F /* ViewController.swift */; };
		39414CD2266E5E8500C96E2F /* Main.storyboard in Resources */ = {isa = PBXBuildFile; fileRef = 39414CD0266E5E8500C96E2F /* Main.storyboard */; };
		39414CD4266E5E8600C96E2F /* Assets.xcassets in Resources */ = {isa = PBXBuildFile; fileRef = 39414CD3266E5E8600C96E2F /* Assets.xcassets */; };
		39414CD7266E5E8600C96E2F /* LaunchScreen.storyboard in Resources */ = {isa = PBXBuildFile; fileRef = 39414CD5266E5E8600C96E2F /* LaunchScreen.storyboard */; };
		39414CE0266E655200C96E2F /* SquareBehavior.swift in Sources */ = {isa = PBXBuildFile; fileRef = 39414CDF266E655200C96E2F /* SquareBehavior.swift */; };
/* End PBXBuildFile section */

/* Begin PBXFileReference section */
		39414CC7266E5E8500C96E2F /* ExplosionEsquares.app */ = {isa = PBXFileReference; explicitFileType = wrapper.application; includeInIndex = 0; path = ExplosionEsquares.app; sourceTree = BUILT_PRODUCTS_DIR; };
		39414CCA266E5E8500C96E2F /* AppDelegate.swift */ = {isa = PBXFileReference; lastKnownFileType = sourcecode.swift; path = AppDelegate.swift; sourceTree = "<group>"; };
		39414CCC266E5E8500C96E2F /* SceneDelegate.swift */ = {isa = PBXFileReference; lastKnownFileType = sourcecode.swift; path = SceneDelegate.swift; sourceTree = "<group>"; };
		39414CCE266E5E8500C96E2F /* ViewController.swift */ = {isa = PBXFileReference; lastKnownFileType = sourcecode.swift; path = ViewController.swift; sourceTree = "<group>"; };
		39414CD1266E5E8500C96E2F /* Base */ = {isa = PBXFileReference; lastKnownFileType = file.storyboard; name = Base; path = Base.lproj/Main.storyboard; sourceTree = "<group>"; };
		39414CD3266E5E8600C96E2F /* Assets.xcassets */ = {isa = PBXFileReference; lastKnownFileType = folder.assetcatalog; path = Assets.xcassets; sourceTree = "<group>"; };
		39414CD6266E5E8600C96E2F /* Base */ = {isa = PBXFileReference; lastKnownFileType = file.storyboard; name = Base; path = Base.lproj/LaunchScreen.storyboard; sourceTree = "<group>"; };
		39414CD8266E5E8600C96E2F /* Info.plist */ = {isa = PBXFileReference; lastKnownFileType = text.plist.xml; path = Info.plist; sourceTree = "<group>"; };
		39414CDF266E655200C96E2F /* SquareBehavior.swift */ = {isa = PBXFileReference; lastKnownFileType = sourcecode.swift; path = SquareBehavior.swift; sourceTree = "<group>"; };
/* End PBXFileReference section */

/* Begin PBXFrameworksBuildPhase section */
		39414CC4266E5E8500C96E2F /* Frameworks */ = {
			isa = PBXFrameworksBuildPhase;
			buildActionMask = 2147483647;
			files = (
			);
			runOnlyForDeploymentPostprocessing = 0;
		};
/* End PBXFrameworksBuildPhase section */

/* Begin PBXGroup section */
		39414CBE266E5E8500C96E2F = {
			isa = PBXGroup;
			children = (
				39414CC9266E5E8500C96E2F /* ExplosionEsquares */,
				39414CC8266E5E8500C96E2F /* Products */,
			);
			sourceTree = "<group>";
		};
		39414CC8266E5E8500C96E2F /* Products */ = {
			isa = PBXGroup;
			children = (
				39414CC7266E5E8500C96E2F /* ExplosionEsquares.app */,
			);
			name = Products;
			sourceTree = "<group>";
		};
		39414CC9266E5E8500C96E2F /* ExplosionEsquares */ = {
			isa = PBXGroup;
			children = (
				39414CCA266E5E8500C96E2F /* AppDelegate.swift */,
				39414CCC266E5E8500C96E2F /* SceneDelegate.swift */,
				39414CCE266E5E8500C96E2F /* ViewController.swift */,
				39414CD0266E5E8500C96E2F /* Main.storyboard */,
				39414CD3266E5E8600C96E2F /* Assets.xcassets */,
				39414CD5266E5E8600C96E2F /* LaunchScreen.storyboard */,
				39414CD8266E5E8600C96E2F /* Info.plist */,
				39414CDF266E655200C96E2F /* SquareBehavior.swift */,
			);
			path = ExplosionEsquares;
			sourceTree = "<group>";
		};
/* End PBXGroup section */

/* Begin PBXNativeTarget section */
		39414CC6266E5E8500C96E2F /* ExplosionEsquares */ = {
			isa = PBXNativeTarget;
			buildConfigurationList = 39414CDB266E5E8600C96E2F /* Build configuration list for PBXNativeTarget "ExplosionEsquares" */;
			buildPhases = (
				39414CC3266E5E8500C96E2F /* Sources */,
				39414CC4266E5E8500C96E2F /* Frameworks */,
				39414CC5266E5E8500C96E2F /* Resources */,
			);
			buildRules = (
			);
			dependencies = (
			);
			name = ExplosionEsquares;
			productName = ExplosionEsquares;
			productReference = 39414CC7266E5E8500C96E2F /* ExplosionEsquares.app */;
			productType = "com.apple.product-type.application";
		};
/* End PBXNativeTarget section */

/* Begin PBXProject section */
		39414CBF266E5E8500C96E2F /* Project object */ = {
			isa = PBXProject;
			attributes = {
				LastSwiftUpdateCheck = 1240;
				LastUpgradeCheck = 1240;
				TargetAttributes = {
					39414CC6266E5E8500C96E2F = {
						CreatedOnToolsVersion = 12.4;
					};
				};
			};
			buildConfigurationList = 39414CC2266E5E8500C96E2F /* Build configuration list for PBXProject "ExplosionEsquares" */;
			compatibilityVersion = "Xcode 9.3";
			developmentRegion = en;
			hasScannedForEncodings = 0;
			knownRegions = (
				en,
				Base,
			);
			mainGroup = 39414CBE266E5E8500C96E2F;
			productRefGroup = 39414CC8266E5E8500C96E2F /* Products */;
			projectDirPath = "";
			projectRoot = "";
			targets = (
				39414CC6266E5E8500C96E2F /* ExplosionEsquares */,
			);
		};
/* End PBXProject section */

/* Begin PBXResourcesBuildPhase section */
		39414CC5266E5E8500C96E2F /* Resources */ = {
			isa = PBXResourcesBuildPhase;
			buildActionMask = 2147483647;
			files = (
				39414CD7266E5E8600C96E2F /* LaunchScreen.storyboard in Resources */,
				39414CD4266E5E8600C96E2F /* Assets.xcassets in Resources */,
				39414CD2266E5E8500C96E2F /* Main.storyboard in Resources */,
			);
			runOnlyForDeploymentPostprocessing = 0;
		};
/* End PBXResourcesBuildPhase section */

/* Begin PBXSourcesBuildPhase section */
		39414CC3266E5E8500C96E2F /* Sources */ = {
			isa = PBXSourcesBuildPhase;
			buildActionMask = 2147483647;
			files = (
				39414CE0266E655200C96E2F /* SquareBehavior.swift in Sources */,
				39414CCF266E5E8500C96E2F /* ViewController.swift in Sources */,
				39414CCB266E5E8500C96E2F /* AppDelegate.swift in Sources */,
				39414CCD266E5E8500C96E2F /* SceneDelegate.swift in Sources */,
			);
			runOnlyForDeploymentPostprocessing = 0;
		};
/* End PBXSourcesBuildPhase section */

/* Begin PBXVariantGroup section */
		39414CD0266E5E8500C96E2F /* Main.storyboard */ = {
			isa = PBXVariantGroup;
			children = (
				39414CD1266E5E8500C96E2F /* Base */,
			);
			name = Main.storyboard;
			sourceTree = "<group>";
		};
		39414CD5266E5E8600C96E2F /* LaunchScreen.storyboard */ = {
			isa = PBXVariantGroup;
			children = (
				39414CD6266E5E8600C96E2F /* Base */,
			);
			name = LaunchScreen.storyboard;
			sourceTree = "<group>";
		};
/* End PBXVariantGroup section */

/* Begin XCBuildConfiguration section */
		39414CD9266E5E8600C96E2F /* Debug */ = {
			isa = XCBuildConfiguration;
			buildSettings = {
				ALWAYS_SEARCH_USER_PATHS = NO;
				CLANG_ANALYZER_NONNULL = YES;
				CLANG_ANALYZER_NUMBER_OBJECT_CONVERSION = YES_AGGRESSIVE;
				CLANG_CXX_LANGUAGE_STANDARD = "gnu++14";
				CLANG_CXX_LIBRARY = "libc++";
				CLANG_ENABLE_MODULES = YES;
				CLANG_ENABLE_OBJC_ARC = YES;
				CLANG_ENABLE_OBJC_WEAK = YES;
				CLANG_WARN_BLOCK_CAPTURE_AUTORELEASING = YES;
				CLANG_WARN_BOOL_CONVERSION = YES;
				CLANG_WARN_COMMA = YES;
				CLANG_WARN_CONSTANT_CONVERSION = YES;
				CLANG_WARN_DEPRECATED_OBJC_IMPLEMENTATIONS = YES;
				CLANG_WARN_DIRECT_OBJC_ISA_USAGE = YES_ERROR;
				CLANG_WARN_DOCUMENTATION_COMMENTS = YES;
				CLANG_WARN_EMPTY_BODY = YES;
				CLANG_WARN_ENUM_CONVERSION = YES;
				CLANG_WARN_INFINITE_RECURSION = YES;
				CLANG_WARN_INT_CONVERSION = YES;
				CLANG_WARN_NON_LITERAL_NULL_CONVERSION = YES;
				CLANG_WARN_OBJC_IMPLICIT_RETAIN_SELF = YES;
				CLANG_WARN_OBJC_LITERAL_CONVERSION = YES;
				CLANG_WARN_OBJC_ROOT_CLASS = YES_ERROR;
				CLANG_WARN_QUOTED_INCLUDE_IN_FRAMEWORK_HEADER = YES;
				CLANG_WARN_RANGE_LOOP_ANALYSIS = YES;
				CLANG_WARN_STRICT_PROTOTYPES = YES;
				CLANG_WARN_SUSPICIOUS_MOVE = YES;
				CLANG_WARN_UNGUARDED_AVAILABILITY = YES_AGGRESSIVE;
				CLANG_WARN_UNREACHABLE_CODE = YES;
				CLANG_WARN__DUPLICATE_METHOD_MATCH = YES;
				COPY_PHASE_STRIP = NO;
				DEBUG_INFORMATION_FORMAT = dwarf;
				ENABLE_STRICT_OBJC_MSGSEND = YES;
				ENABLE_TESTABILITY = YES;
				GCC_C_LANGUAGE_STANDARD = gnu11;
				GCC_DYNAMIC_NO_PIC = NO;
				GCC_NO_COMMON_BLOCKS = YES;
				GCC_OPTIMIZATION_LEVEL = 0;
				GCC_PREPROCESSOR_DEFINITIONS = (
					"DEBUG=1",
					"$(inherited)",
				);
				GCC_WARN_64_TO_32_BIT_CONVERSION = YES;
				GCC_WARN_ABOUT_RETURN_TYPE = YES_ERROR;
				GCC_WARN_UNDECLARED_SELECTOR = YES;
				GCC_WARN_UNINITIALIZED_AUTOS = YES_AGGRESSIVE;
				GCC_WARN_UNUSED_FUNCTION = YES;
				GCC_WARN_UNUSED_VARIABLE = YES;
				IPHONEOS_DEPLOYMENT_TARGET = 14.4;
				MTL_ENABLE_DEBUG_INFO = INCLUDE_SOURCE;
				MTL_FAST_MATH = YES;
				ONLY_ACTIVE_ARCH = YES;
				SDKROOT = iphoneos;
				SWIFT_ACTIVE_COMPILATION_CONDITIONS = DEBUG;
				SWIFT_OPTIMIZATION_LEVEL = "-Onone";
			};
			name = Debug;
		};
		39414CDA266E5E8600C96E2F /* Release */ = {
			isa = XCBuildConfiguration;
			buildSettings = {
				ALWAYS_SEARCH_USER_PATHS = NO;
				CLANG_ANALYZER_NONNULL = YES;
				CLANG_ANALYZER_NUMBER_OBJECT_CONVERSION = YES_AGGRESSIVE;
				CLANG_CXX_LANGUAGE_STANDARD = "gnu++14";
				CLANG_CXX_LIBRARY = "libc++";
				CLANG_ENABLE_MODULES = YES;
				CLANG_ENABLE_OBJC_ARC = YES;
				CLANG_ENABLE_OBJC_WEAK = YES;
				CLANG_WARN_BLOCK_CAPTURE_AUTORELEASING = YES;
				CLANG_WARN_BOOL_CONVERSION = YES;
				CLANG_WARN_COMMA = YES;
				CLANG_WARN_CONSTANT_CONVERSION = YES;
				CLANG_WARN_DEPRECATED_OBJC_IMPLEMENTATIONS = YES;
				CLANG_WARN_DIRECT_OBJC_ISA_USAGE = YES_ERROR;
				CLANG_WARN_DOCUMENTATION_COMMENTS = YES;
				CLANG_WARN_EMPTY_BODY = YES;
				CLANG_WARN_ENUM_CONVERSION = YES;
				CLANG_WARN_INFINITE_RECURSION = YES;
				CLANG_WARN_INT_CONVERSION = YES;
				CLANG_WARN_NON_LITERAL_NULL_CONVERSION = YES;
				CLANG_WARN_OBJC_IMPLICIT_RETAIN_SELF = YES;
				CLANG_WARN_OBJC_LITERAL_CONVERSION = YES;
				CLANG_WARN_OBJC_ROOT_CLASS = YES_ERROR;
				CLANG_WARN_QUOTED_INCLUDE_IN_FRAMEWORK_HEADER = YES;
				CLANG_WARN_RANGE_LOOP_ANALYSIS = YES;
				CLANG_WARN_STRICT_PROTOTYPES = YES;
				CLANG_WARN_SUSPICIOUS_MOVE = YES;
				CLANG_WARN_UNGUARDED_AVAILABILITY = YES_AGGRESSIVE;
				CLANG_WARN_UNREACHABLE_CODE = YES;
				CLANG_WARN__DUPLICATE_METHOD_MATCH = YES;
				COPY_PHASE_STRIP = NO;
				DEBUG_INFORMATION_FORMAT = "dwarf-with-dsym";
				ENABLE_NS_ASSERTIONS = NO;
				ENABLE_STRICT_OBJC_MSGSEND = YES;
				GCC_C_LANGUAGE_STANDARD = gnu11;
				GCC_NO_COMMON_BLOCKS = YES;
				GCC_WARN_64_TO_32_BIT_CONVERSION = YES;
				GCC_WARN_ABOUT_RETURN_TYPE = YES_ERROR;
				GCC_WARN_UNDECLARED_SELECTOR = YES;
				GCC_WARN_UNINITIALIZED_AUTOS = YES_AGGRESSIVE;
				GCC_WARN_UNUSED_FUNCTION = YES;
				GCC_WARN_UNUSED_VARIABLE = YES;
				IPHONEOS_DEPLOYMENT_TARGET = 14.4;
				MTL_ENABLE_DEBUG_INFO = NO;
				MTL_FAST_MATH = YES;
				SDKROOT = iphoneos;
				SWIFT_COMPILATION_MODE = wholemodule;
				SWIFT_OPTIMIZATION_LEVEL = "-O";
				VALIDATE_PRODUCT = YES;
			};
			name = Release;
		};
		39414CDC266E5E8600C96E2F /* Debug */ = {
			isa = XCBuildConfiguration;
			buildSettings = {
				ASSETCATALOG_COMPILER_APPICON_NAME = AppIcon;
				ASSETCATALOG_COMPILER_GLOBAL_ACCENT_COLOR_NAME = AccentColor;
				CODE_SIGN_STYLE = Automatic;
				INFOPLIST_FILE = ExplosionEsquares/Info.plist;
				LD_RUNPATH_SEARCH_PATHS = (
					"$(inherited)",
					"@executable_path/Frameworks",
				);
				PRODUCT_BUNDLE_IDENTIFIER = br.com.developer.ExplosionEsquares;
				PRODUCT_NAME = "$(TARGET_NAME)";
				SWIFT_VERSION = 5.0;
				TARGETED_DEVICE_FAMILY = "1,2";
			};
			name = Debug;
		};
		39414CDD266E5E8600C96E2F /* Release */ = {
			isa = XCBuildConfiguration;
			buildSettings = {
				ASSETCATALOG_COMPILER_APPICON_NAME = AppIcon;
				ASSETCATALOG_COMPILER_GLOBAL_ACCENT_COLOR_NAME = AccentColor;
				CODE_SIGN_STYLE = Automatic;
				INFOPLIST_FILE = ExplosionEsquares/Info.plist;
				LD_RUNPATH_SEARCH_PATHS = (
					"$(inherited)",
					"@executable_path/Frameworks",
				);
				PRODUCT_BUNDLE_IDENTIFIER = br.com.developer.ExplosionEsquares;
				PRODUCT_NAME = "$(TARGET_NAME)";
				SWIFT_VERSION = 5.0;
				TARGETED_DEVICE_FAMILY = "1,2";
			};
			name = Release;
		};
/* End XCBuildConfiguration section */

/* Begin XCConfigurationList section */
		39414CC2266E5E8500C96E2F /* Build configuration list for PBXProject "ExplosionEsquares" */ = {
			isa = XCConfigurationList;
			buildConfigurations = (
				39414CD9266E5E8600C96E2F /* Debug */,
				39414CDA266E5E8600C96E2F /* Release */,
			);
			defaultConfigurationIsVisible = 0;
			defaultConfigurationName = Release;
		};
		39414CDB266E5E8600C96E2F /* Build configuration list for PBXNativeTarget "ExplosionEsquares" */ = {
			isa = XCConfigurationList;
			buildConfigurations = (
				39414CDC266E5E8600C96E2F /* Debug */,
				39414CDD266E5E8600C96E2F /* Release */,
			);
			defaultConfigurationIsVisible = 0;
			defaultConfigurationName = Release;
		};
/* End XCConfigurationList section */
	};
	rootObject = 39414CBF266E5E8500C96E2F /* Project object */;
}
